{
  "lockfileVersion": 1,
  "configVersion": 0,
  "workspaces": {
    "": {
      "name": "@ghostty-web/demo",
      "dependencies": {
        "@lydell/node-pty": "^1.0.1",
        "ghostty-web": "latest",
      },
    },
  },
  "packages": {
    "@lydell/node-pty": ["@lydell/node-pty@1.1.0", "", { "optionalDependencies": { "@lydell/node-pty-darwin-arm64": "1.1.0", "@lydell/node-pty-darwin-x64": "1.1.0", "@lydell/node-pty-linux-arm64": "1.1.0", "@lydell/node-pty-linux-x64": "1.1.0", "@lydell/node-pty-win32-arm64": "1.1.0", "@lydell/node-pty-win32-x64": "1.1.0" } }, "sha512-VDD8LtlMTOrPKWMXUAcB9+LTktzuunqrMwkYR1DMRBkS6LQrCt+0/Ws1o2rMml/n3guePpS7cxhHF7Nm5K4iMw=="],

    "@lydell/node-pty-darwin-arm64": ["@lydell/node-pty-darwin-arm64@1.1.0", "", { "os": "darwin", "cpu": "arm64" }, "sha512-7kFD+owAA61qmhJCtoMbqj3Uvff3YHDiU+4on5F2vQdcMI3MuwGi7dM6MkFG/yuzpw8LF2xULpL71tOPUfxs0w=="],

    "@lydell/node-pty-darwin-x64": ["@lydell/node-pty-darwin-x64@1.1.0", "", { "os": "darwin", "cpu": "x64" }, "sha512-XZdvqj5FjAMjH8bdp0YfaZjur5DrCIDD1VYiE9EkkYVMDQqRUPHYV3U8BVEQVT9hYfjmpr7dNaELF2KyISWSNA=="],

    "@lydell/node-pty-linux-arm64": ["@lydell/node-pty-linux-arm64@1.1.0", "", { "os": "linux", "cpu": "arm64" }, "sha512-yyDBmalCfHpLiQMT2zyLcqL2Fay4Xy7rIs8GH4dqKLnEviMvPGOK7LADVkKAsbsyXBSISL3Lt1m1MtxhPH6ckg=="],

    "@lydell/node-pty-linux-x64": ["@lydell/node-pty-linux-x64@1.1.0", "", { "os": "linux", "cpu": "x64" }, "sha512-NcNqRTD14QT+vXcEuqSSvmWY+0+WUBn2uRE8EN0zKtDpIEr9d+YiFj16Uqds6QfcLCHfZmC+Ls7YzwTaqDnanA=="],

    "@lydell/node-pty-win32-arm64": ["@lydell/node-pty-win32-arm64@1.1.0", "", { "os": "win32", "cpu": "arm64" }, "sha512-JOMbCou+0fA7d/m97faIIfIU0jOv8sn2OR7tI45u3AmldKoKoLP8zHY6SAvDDnI3fccO1R2HeR1doVjpS7HM0w=="],

    "@lydell/node-pty-win32-x64": ["@lydell/node-pty-win32-x64@1.1.0", "", { "os": "win32", "cpu": "x64" }, "sha512-3N56BZ+WDFnUMYRtsrr7Ky2mhWGl9xXcyqR6cexfuCqcz9RNWL+KoXRv/nZylY5dYaXkft4JaR1uVu+roiZDAw=="],

    "ghostty-web": ["ghostty-web@0.2.1", "", {}, "sha512-wrovbPlHcl+nIkp7S7fY7vOTsmBjwMFihZEe2PJe/M6G4/EwuyJnwaWTTzNfuY7RcM/lVlN+PvGWqJIhKSB5hw=="],
  }
}
